
Microsoft Visual Studio Solution File, Format Version 12.00
# Visual Studio Version 16
VisualStudioVersion = 16.0.31702.278
MinimumVisualStudioVersion = 10.0.40219.1
Project("{9A19103F-16F7-4668-BE54-9A1E7A4F7556}") = "HotelOne20251619", "HotelOne20251619.csproj", "{673AC0E3-FCCA-434A-9468-3929E0ED0E33}"
EndProject
Global
	GlobalSection(SolutionConfigurationPlatforms) = preSolution
		Debug|Any CPU = Debug|Any CPU
		Release|Any CPU = Release|Any CPU
	EndGlobalSection
	GlobalSection(ProjectConfigurationPlatforms) = postSolution
		{673AC0E3-FCCA-434A-9468-3929E0ED0E33}.Debug|Any CPU.ActiveCfg = Debug|Any CPU
		{673AC0E3-FCCA-434A-9468-3929E0ED0E33}.Debug|Any CPU.Build.0 = Debug|Any CPU
		{673AC0E3-FCCA-434A-9468-3929E0ED0E33}.Release|Any CPU.ActiveCfg = Release|Any CPU
		{673AC0E3-FCCA-434A-9468-3929E0ED0E33}.Release|Any CPU.Build.0 = Release|Any CPU
	EndGlobalSection
	GlobalSection(SolutionProperties) = preSolution
		HideSolutionNode = FALSE
	EndGlobalSection
	GlobalSection(ExtensibilityGlobals) = postSolution
		SolutionGuid = {50651C0E-FFE1-40B8-BFEB-16DDEF278E13}
	EndGlobalSection
EndGlobal
